
Microsoft Visual Studio Solution File, Format Version 12.00
# Visual Studio Version 16
VisualStudioVersion = 16.6.30114.105
MinimumVisualStudioVersion = 10.0.40219.1
Project("{9A19103F-16F7-4668-BE54-9A1E7A4F7556}") = "HeadOffice", "HeadOffice\HeadOffice.csproj", "{75C89811-D100-4240-B1A7-01CA0500B0F7}"
EndProject
Project("{9A19103F-16F7-4668-BE54-9A1E7A4F7556}") = "StockCollector", "StockCollector\StockCollector.csproj", "{1CC59720-6D00-4E82-8829-DE393EB8B1F3}"
EndProject
Project("{2150E333-8FDC-42A3-9474-1A3956D46DE8}") = "Solution Items", "Solution Items", "{D03E2459-3AA5-4D4E-AA60-DBAA45A85969}"
	ProjectSection(SolutionItems) = preProject
		..\README.md = ..\README.md
		redis.yaml = redis.yaml
		tye.yaml = tye.yaml
	EndProjectSection
EndProject
Global
	GlobalSection(SolutionConfigurationPlatforms) = preSolution
		Debug|Any CPU = Debug|Any CPU
		Debug|x64 = Debug|x64
		Debug|x86 = Debug|x86
		Release|Any CPU = Release|Any CPU
		Release|x64 = Release|x64
		Release|x86 = Release|x86
	EndGlobalSection
	GlobalSection(ProjectConfigurationPlatforms) = postSolution
		{75C89811-D100-4240-B1A7-01CA0500B0F7}.Debug|Any CPU.ActiveCfg = Debug|Any CPU
		{75C89811-D100-4240-B1A7-01CA0500B0F7}.Debug|Any CPU.Build.0 = Debug|Any CPU
		{75C89811-D100-4240-B1A7-01CA0500B0F7}.Debug|x64.ActiveCfg = Debug|Any CPU
		{75C89811-D100-4240-B1A7-01CA0500B0F7}.Debug|x64.Build.0 = Debug|Any CPU
		{75C89811-D100-4240-B1A7-01CA0500B0F7}.Debug|x86.ActiveCfg = Debug|Any CPU
		{75C89811-D100-4240-B1A7-01CA0500B0F7}.Debug|x86.Build.0 = Debug|Any CPU
		{75C89811-D100-4240-B1A7-01CA0500B0F7}.Release|Any CPU.ActiveCfg = Release|Any CPU
		{75C89811-D100-4240-B1A7-01CA0500B0F7}.Release|Any CPU.Build.0 = Release|Any CPU
		{75C89811-D100-4240-B1A7-01CA0500B0F7}.Release|x64.ActiveCfg = Release|Any CPU
		{75C89811-D100-4240-B1A7-01CA0500B0F7}.Release|x64.Build.0 = Release|Any CPU
		{75C89811-D100-4240-B1A7-01CA0500B0F7}.Release|x86.ActiveCfg = Release|Any CPU
		{75C89811-D100-4240-B1A7-01CA0500B0F7}.Release|x86.Build.0 = Release|Any CPU
		{1CC59720-6D00-4E82-8829-DE393EB8B1F3}.Debug|Any CPU.ActiveCfg = Debug|Any CPU
		{1CC59720-6D00-4E82-8829-DE393EB8B1F3}.Debug|Any CPU.Build.0 = Debug|Any CPU
		{1CC59720-6D00-4E82-8829-DE393EB8B1F3}.Debug|x64.ActiveCfg = Debug|Any CPU
		{1CC59720-6D00-4E82-8829-DE393EB8B1F3}.Debug|x64.Build.0 = Debug|Any CPU
		{1CC59720-6D00-4E82-8829-DE393EB8B1F3}.Debug|x86.ActiveCfg = Debug|Any CPU
		{1CC59720-6D00-4E82-8829-DE393EB8B1F3}.Debug|x86.Build.0 = Debug|Any CPU
		{1CC59720-6D00-4E82-8829-DE393EB8B1F3}.Release|Any CPU.ActiveCfg = Release|Any CPU
		{1CC59720-6D00-4E82-8829-DE393EB8B1F3}.Release|Any CPU.Build.0 = Release|Any CPU
		{1CC59720-6D00-4E82-8829-DE393EB8B1F3}.Release|x64.ActiveCfg = Release|Any CPU
		{1CC59720-6D00-4E82-8829-DE393EB8B1F3}.Release|x64.Build.0 = Release|Any CPU
		{1CC59720-6D00-4E82-8829-DE393EB8B1F3}.Release|x86.ActiveCfg = Release|Any CPU
		{1CC59720-6D00-4E82-8829-DE393EB8B1F3}.Release|x86.Build.0 = Release|Any CPU
	EndGlobalSection
	GlobalSection(SolutionProperties) = preSolution
		HideSolutionNode = FALSE
	EndGlobalSection
	GlobalSection(ExtensibilityGlobals) = postSolution
		SolutionGuid = {6207CDE7-518C-464C-9502-A519AE93E955}
	EndGlobalSection
EndGlobal
